// !$*UTF8*$!
{
	archiveVersion = 1;
	classes = {
	};
	objectVersion = 55;
	objects = {

/* Begin PBXBuildFile section */
		DDB7E438275B84BB0096D70A /* adventofcodeApp.swift in Sources */ = {isa = PBXBuildFile; fileRef = DDB7E437275B84BB0096D70A /* adventofcodeApp.swift */; };
		DDB7E43A275B84BB0096D70A /* ContentView.swift in Sources */ = {isa = PBXBuildFile; fileRef = DDB7E439275B84BB0096D70A /* ContentView.swift */; };
		DDB7E43C275B84BC0096D70A /* Assets.xcassets in Resources */ = {isa = PBXBuildFile; fileRef = DDB7E43B275B84BC0096D70A /* Assets.xcassets */; };
		DDB7E43F275B84BC0096D70A /* Preview Assets.xcassets in Resources */ = {isa = PBXBuildFile; fileRef = DDB7E43E275B84BC0096D70A /* Preview Assets.xcassets */; };
		DDB7E449275B84BC0096D70A /* adventofcodeTests.swift in Sources */ = {isa = PBXBuildFile; fileRef = DDB7E448275B84BC0096D70A /* adventofcodeTests.swift */; };
		DDB7E453275B84BC0096D70A /* adventofcodeUITests.swift in Sources */ = {isa = PBXBuildFile; fileRef = DDB7E452275B84BC0096D70A /* adventofcodeUITests.swift */; };
		DDB7E455275B84BC0096D70A /* adventofcodeUITestsLaunchTests.swift in Sources */ = {isa = PBXBuildFile; fileRef = DDB7E454275B84BC0096D70A /* adventofcodeUITestsLaunchTests.swift */; };
/* End PBXBuildFile section */

/* Begin PBXContainerItemProxy section */
		DDB7E445275B84BC0096D70A /* PBXContainerItemProxy */ = {
			isa = PBXContainerItemProxy;
			containerPortal = DDB7E42C275B84BB0096D70A /* Project object */;
			proxyType = 1;
			remoteGlobalIDString = DDB7E433275B84BB0096D70A;
			remoteInfo = adventofcode;
		};
		DDB7E44F275B84BC0096D70A /* PBXContainerItemProxy */ = {
			isa = PBXContainerItemProxy;
			containerPortal = DDB7E42C275B84BB0096D70A /* Project object */;
			proxyType = 1;
			remoteGlobalIDString = DDB7E433275B84BB0096D70A;
			remoteInfo = adventofcode;
		};
/* End PBXContainerItemProxy section */

/* Begin PBXFileReference section */
		DDB7E434275B84BB0096D70A /* adventofcode.app */ = {isa = PBXFileReference; explicitFileType = wrapper.application; includeInIndex = 0; path = adventofcode.app; sourceTree = BUILT_PRODUCTS_DIR; };
		DDB7E437275B84BB0096D70A /* adventofcodeApp.swift */ = {isa = PBXFileReference; lastKnownFileType = sourcecode.swift; path = adventofcodeApp.swift; sourceTree = "<group>"; };
		DDB7E439275B84BB0096D70A /* ContentView.swift */ = {isa = PBXFileReference; lastKnownFileType = sourcecode.swift; path = ContentView.swift; sourceTree = "<group>"; };
		DDB7E43B275B84BC0096D70A /* Assets.xcassets */ = {isa = PBXFileReference; lastKnownFileType = folder.assetcatalog; path = Assets.xcassets; sourceTree = "<group>"; };
		DDB7E43E275B84BC0096D70A /* Preview Assets.xcassets */ = {isa = PBXFileReference; lastKnownFileType = folder.assetcatalog; path = "Preview Assets.xcassets"; sourceTree = "<group>"; };
		DDB7E444275B84BC0096D70A /* adventofcodeTests.xctest */ = {isa = PBXFileReference; explicitFileType = wrapper.cfbundle; includeInIndex = 0; path = adventofcodeTests.xctest; sourceTree = BUILT_PRODUCTS_DIR; };
		DDB7E448275B84BC0096D70A /* adventofcodeTests.swift */ = {isa = PBXFileReference; lastKnownFileType = sourcecode.swift; path = adventofcodeTests.swift; sourceTree = "<group>"; };
		DDB7E44E275B84BC0096D70A /* adventofcodeUITests.xctest */ = {isa = PBXFileReference; explicitFileType = wrapper.cfbundle; includeInIndex = 0; path = adventofcodeUITests.xctest; sourceTree = BUILT_PRODUCTS_DIR; };
		DDB7E452275B84BC0096D70A /* adventofcodeUITests.swift */ = {isa = PBXFileReference; lastKnownFileType = sourcecode.swift; path = adventofcodeUITests.swift; sourceTree = "<group>"; };
		DDB7E454275B84BC0096D70A /* adventofcodeUITestsLaunchTests.swift */ = {isa = PBXFileReference; lastKnownFileType = sourcecode.swift; path = adventofcodeUITestsLaunchTests.swift; sourceTree = "<group>"; };
/* End PBXFileReference section */

/* Begin PBXFrameworksBuildPhase section */
		DDB7E431275B84BB0096D70A /* Frameworks */ = {
			isa = PBXFrameworksBuildPhase;
			buildActionMask = 2147483647;
			files = (
			);
			runOnlyForDeploymentPostprocessing = 0;
		};
		DDB7E441275B84BC0096D70A /* Frameworks */ = {
			isa = PBXFrameworksBuildPhase;
			buildActionMask = 2147483647;
			files = (
			);
			runOnlyForDeploymentPostprocessing = 0;
		};
		DDB7E44B275B84BC0096D70A /* Frameworks */ = {
			isa = PBXFrameworksBuildPhase;
			buildActionMask = 2147483647;
			files = (
			);
			runOnlyForDeploymentPostprocessing = 0;
		};
/* End PBXFrameworksBuildPhase section */

/* Begin PBXGroup section */
		DDB7E42B275B84BB0096D70A = {
			isa = PBXGroup;
			children = (
				DDB7E436275B84BB0096D70A /* adventofcode */,
				DDB7E447275B84BC0096D70A /* adventofcodeTests */,
				DDB7E451275B84BC0096D70A /* adventofcodeUITests */,
				DDB7E435275B84BB0096D70A /* Products */,
			);
			sourceTree = "<group>";
		};
		DDB7E435275B84BB0096D70A /* Products */ = {
			isa = PBXGroup;
			children = (
				DDB7E434275B84BB0096D70A /* adventofcode.app */,
				DDB7E444275B84BC0096D70A /* adventofcodeTests.xctest */,
				DDB7E44E275B84BC0096D70A /* adventofcodeUITests.xctest */,
			);
			name = Products;
			sourceTree = "<group>";
		};
		DDB7E436275B84BB0096D70A /* adventofcode */ = {
			isa = PBXGroup;
			children = (
				DDB7E437275B84BB0096D70A /* adventofcodeApp.swift */,
				DDB7E439275B84BB0096D70A /* ContentView.swift */,
				DDB7E43B275B84BC0096D70A /* Assets.xcassets */,
				DDB7E43D275B84BC0096D70A /* Preview Content */,
			);
			path = adventofcode;
			sourceTree = "<group>";
		};
		DDB7E43D275B84BC0096D70A /* Preview Content */ = {
			isa = PBXGroup;
			children = (
				DDB7E43E275B84BC0096D70A /* Preview Assets.xcassets */,
			);
			path = "Preview Content";
			sourceTree = "<group>";
		};
		DDB7E447275B84BC0096D70A /* adventofcodeTests */ = {
			isa = PBXGroup;
			children = (
				DDB7E448275B84BC0096D70A /* adventofcodeTests.swift */,
			);
			path = adventofcodeTests;
			sourceTree = "<group>";
		};
		DDB7E451275B84BC0096D70A /* adventofcodeUITests */ = {
			isa = PBXGroup;
			children = (
				DDB7E452275B84BC0096D70A /* adventofcodeUITests.swift */,
				DDB7E454275B84BC0096D70A /* adventofcodeUITestsLaunchTests.swift */,
			);
			path = adventofcodeUITests;
			sourceTree = "<group>";
		};
/* End PBXGroup section */

/* Begin PBXNativeTarget section */
		DDB7E433275B84BB0096D70A /* adventofcode */ = {
			isa = PBXNativeTarget;
			buildConfigurationList = DDB7E458275B84BC0096D70A /* Build configuration list for PBXNativeTarget "adventofcode" */;
			buildPhases = (
				DDB7E430275B84BB0096D70A /* Sources */,
				DDB7E431275B84BB0096D70A /* Frameworks */,
				DDB7E432275B84BB0096D70A /* Resources */,
			);
			buildRules = (
			);
			dependencies = (
			);
			name = adventofcode;
			productName = adventofcode;
			productReference = DDB7E434275B84BB0096D70A /* adventofcode.app */;
			productType = "com.apple.product-type.application";
		};
		DDB7E443275B84BC0096D70A /* adventofcodeTests */ = {
			isa = PBXNativeTarget;
			buildConfigurationList = DDB7E45B275B84BC0096D70A /* Build configuration list for PBXNativeTarget "adventofcodeTests" */;
			buildPhases = (
				DDB7E440275B84BC0096D70A /* Sources */,
				DDB7E441275B84BC0096D70A /* Frameworks */,
				DDB7E442275B84BC0096D70A /* Resources */,
			);
			buildRules = (
			);
			dependencies = (
				DDB7E446275B84BC0096D70A /* PBXTargetDependency */,
			);
			name = adventofcodeTests;
			productName = adventofcodeTests;
			productReference = DDB7E444275B84BC0096D70A /* adventofcodeTests.xctest */;
			productType = "com.apple.product-type.bundle.unit-test";
		};
		DDB7E44D275B84BC0096D70A /* adventofcodeUITests */ = {
			isa = PBXNativeTarget;
			buildConfigurationList = DDB7E45E275B84BC0096D70A /* Build configuration list for PBXNativeTarget "adventofcodeUITests" */;
			buildPhases = (
				DDB7E44A275B84BC0096D70A /* Sources */,
				DDB7E44B275B84BC0096D70A /* Frameworks */,
				DDB7E44C275B84BC0096D70A /* Resources */,
			);
			buildRules = (
			);
			dependencies = (
				DDB7E450275B84BC0096D70A /* PBXTargetDependency */,
			);
			name = adventofcodeUITests;
			productName = adventofcodeUITests;
			productReference = DDB7E44E275B84BC0096D70A /* adventofcodeUITests.xctest */;
			productType = "com.apple.product-type.bundle.ui-testing";
		};
/* End PBXNativeTarget section */

/* Begin PBXProject section */
		DDB7E42C275B84BB0096D70A /* Project object */ = {
			isa = PBXProject;
			attributes = {
				BuildIndependentTargetsInParallel = 1;
				LastSwiftUpdateCheck = 1300;
				LastUpgradeCheck = 1300;
				TargetAttributes = {
					DDB7E433275B84BB0096D70A = {
						CreatedOnToolsVersion = 13.0;
					};
					DDB7E443275B84BC0096D70A = {
						CreatedOnToolsVersion = 13.0;
						TestTargetID = DDB7E433275B84BB0096D70A;
					};
					DDB7E44D275B84BC0096D70A = {
						CreatedOnToolsVersion = 13.0;
						TestTargetID = DDB7E433275B84BB0096D70A;
					};
				};
			};
			buildConfigurationList = DDB7E42F275B84BB0096D70A /* Build configuration list for PBXProject "adventofcode" */;
			compatibilityVersion = "Xcode 13.0";
			developmentRegion = en;
			hasScannedForEncodings = 0;
			knownRegions = (
				en,
				Base,
			);
			mainGroup = DDB7E42B275B84BB0096D70A;
			productRefGroup = DDB7E435275B84BB0096D70A /* Products */;
			projectDirPath = "";
			projectRoot = "";
			targets = (
				DDB7E433275B84BB0096D70A /* adventofcode */,
				DDB7E443275B84BC0096D70A /* adventofcodeTests */,
				DDB7E44D275B84BC0096D70A /* adventofcodeUITests */,
			);
		};
/* End PBXProject section */

/* Begin PBXResourcesBuildPhase section */
		DDB7E432275B84BB0096D70A /* Resources */ = {
			isa = PBXResourcesBuildPhase;
			buildActionMask = 2147483647;
			files = (
				DDB7E43F275B84BC0096D70A /* Preview Assets.xcassets in Resources */,
				DDB7E43C275B84BC0096D70A /* Assets.xcassets in Resources */,
			);
			runOnlyForDeploymentPostprocessing = 0;
		};
		DDB7E442275B84BC0096D70A /* Resources */ = {
			isa = PBXResourcesBuildPhase;
			buildActionMask = 2147483647;
			files = (
			);
			runOnlyForDeploymentPostprocessing = 0;
		};
		DDB7E44C275B84BC0096D70A /* Resources */ = {
			isa = PBXResourcesBuildPhase;
			buildActionMask = 2147483647;
			files = (
			);
			runOnlyForDeploymentPostprocessing = 0;
		};
/* End PBXResourcesBuildPhase section */

/* Begin PBXSourcesBuildPhase section */
		DDB7E430275B84BB0096D70A /* Sources */ = {
			isa = PBXSourcesBuildPhase;
			buildActionMask = 2147483647;
			files = (
				DDB7E43A275B84BB0096D70A /* ContentView.swift in Sources */,
				DDB7E438275B84BB0096D70A /* adventofcodeApp.swift in Sources */,
			);
			runOnlyForDeploymentPostprocessing = 0;
		};
		DDB7E440275B84BC0096D70A /* Sources */ = {
			isa = PBXSourcesBuildPhase;
			buildActionMask = 2147483647;
			files = (
				DDB7E449275B84BC0096D70A /* adventofcodeTests.swift in Sources */,
			);
			runOnlyForDeploymentPostprocessing = 0;
		};
		DDB7E44A275B84BC0096D70A /* Sources */ = {
			isa = PBXSourcesBuildPhase;
			buildActionMask = 2147483647;
			files = (
				DDB7E455275B84BC0096D70A /* adventofcodeUITestsLaunchTests.swift in Sources */,
				DDB7E453275B84BC0096D70A /* adventofcodeUITests.swift in Sources */,
			);
			runOnlyForDeploymentPostprocessing = 0;
		};
/* End PBXSourcesBuildPhase section */

/* Begin PBXTargetDependency section */
		DDB7E446275B84BC0096D70A /* PBXTargetDependency */ = {
			isa = PBXTargetDependency;
			target = DDB7E433275B84BB0096D70A /* adventofcode */;
			targetProxy = DDB7E445275B84BC0096D70A /* PBXContainerItemProxy */;
		};
		DDB7E450275B84BC0096D70A /* PBXTargetDependency */ = {
			isa = PBXTargetDependency;
			target = DDB7E433275B84BB0096D70A /* adventofcode */;
			targetProxy = DDB7E44F275B84BC0096D70A /* PBXContainerItemProxy */;
		};
/* End PBXTargetDependency section */

/* Begin XCBuildConfiguration section */
		DDB7E456275B84BC0096D70A /* Debug */ = {
			isa = XCBuildConfiguration;
			buildSettings = {
				ALWAYS_SEARCH_USER_PATHS = NO;
				CLANG_ANALYZER_NONNULL = YES;
				CLANG_ANALYZER_NUMBER_OBJECT_CONVERSION = YES_AGGRESSIVE;
				CLANG_CXX_LANGUAGE_STANDARD = "gnu++17";
				CLANG_CXX_LIBRARY = "libc++";
				CLANG_ENABLE_MODULES = YES;
				CLANG_ENABLE_OBJC_ARC = YES;
				CLANG_ENABLE_OBJC_WEAK = YES;
				CLANG_WARN_BLOCK_CAPTURE_AUTORELEASING = YES;
				CLANG_WARN_BOOL_CONVERSION = YES;
				CLANG_WARN_COMMA = YES;
				CLANG_WARN_CONSTANT_CONVERSION = YES;
				CLANG_WARN_DEPRECATED_OBJC_IMPLEMENTATIONS = YES;
				CLANG_WARN_DIRECT_OBJC_ISA_USAGE = YES_ERROR;
				CLANG_WARN_DOCUMENTATION_COMMENTS = YES;
				CLANG_WARN_EMPTY_BODY = YES;
				CLANG_WARN_ENUM_CONVERSION = YES;
				CLANG_WARN_INFINITE_RECURSION = YES;
				CLANG_WARN_INT_CONVERSION = YES;
				CLANG_WARN_NON_LITERAL_NULL_CONVERSION = YES;
				CLANG_WARN_OBJC_IMPLICIT_RETAIN_SELF = YES;
				CLANG_WARN_OBJC_LITERAL_CONVERSION = YES;
				CLANG_WARN_OBJC_ROOT_CLASS = YES_ERROR;
				CLANG_WARN_QUOTED_INCLUDE_IN_FRAMEWORK_HEADER = YES;
				CLANG_WARN_RANGE_LOOP_ANALYSIS = YES;
				CLANG_WARN_STRICT_PROTOTYPES = YES;
				CLANG_WARN_SUSPICIOUS_MOVE = YES;
				CLANG_WARN_UNGUARDED_AVAILABILITY = YES_AGGRESSIVE;
				CLANG_WARN_UNREACHABLE_CODE = YES;
				CLANG_WARN__DUPLICATE_METHOD_MATCH = YES;
				COPY_PHASE_STRIP = NO;
				DEBUG_INFORMATION_FORMAT = dwarf;
				ENABLE_STRICT_OBJC_MSGSEND = YES;
				ENABLE_TESTABILITY = YES;
				GCC_C_LANGUAGE_STANDARD = gnu11;
				GCC_DYNAMIC_NO_PIC = NO;
				GCC_NO_COMMON_BLOCKS = YES;
				GCC_OPTIMIZATION_LEVEL = 0;
				GCC_PREPROCESSOR_DEFINITIONS = (
					"DEBUG=1",
					"$(inherited)",
				);
				GCC_WARN_64_TO_32_BIT_CONVERSION = YES;
				GCC_WARN_ABOUT_RETURN_TYPE = YES_ERROR;
				GCC_WARN_UNDECLARED_SELECTOR = YES;
				GCC_WARN_UNINITIALIZED_AUTOS = YES_AGGRESSIVE;
				GCC_WARN_UNUSED_FUNCTION = YES;
				GCC_WARN_UNUSED_VARIABLE = YES;
				IPHONEOS_DEPLOYMENT_TARGET = 15.0;
				MTL_ENABLE_DEBUG_INFO = INCLUDE_SOURCE;
				MTL_FAST_MATH = YES;
				ONLY_ACTIVE_ARCH = YES;
				SDKROOT = iphoneos;
				SWIFT_ACTIVE_COMPILATION_CONDITIONS = DEBUG;
				SWIFT_OPTIMIZATION_LEVEL = "-Onone";
			};
			name = Debug;
		};
		DDB7E457275B84BC0096D70A /* Release */ = {
			isa = XCBuildConfiguration;
			buildSettings = {
				ALWAYS_SEARCH_USER_PATHS = NO;
				CLANG_ANALYZER_NONNULL = YES;
				CLANG_ANALYZER_NUMBER_OBJECT_CONVERSION = YES_AGGRESSIVE;
				CLANG_CXX_LANGUAGE_STANDARD = "gnu++17";
				CLANG_CXX_LIBRARY = "libc++";
				CLANG_ENABLE_MODULES = YES;
				CLANG_ENABLE_OBJC_ARC = YES;
				CLANG_ENABLE_OBJC_WEAK = YES;
				CLANG_WARN_BLOCK_CAPTURE_AUTORELEASING = YES;
				CLANG_WARN_BOOL_CONVERSION = YES;
				CLANG_WARN_COMMA = YES;
				CLANG_WARN_CONSTANT_CONVERSION = YES;
				CLANG_WARN_DEPRECATED_OBJC_IMPLEMENTATIONS = YES;
				CLANG_WARN_DIRECT_OBJC_ISA_USAGE = YES_ERROR;
				CLANG_WARN_DOCUMENTATION_COMMENTS = YES;
				CLANG_WARN_EMPTY_BODY = YES;
				CLANG_WARN_ENUM_CONVERSION = YES;
				CLANG_WARN_INFINITE_RECURSION = YES;
				CLANG_WARN_INT_CONVERSION = YES;
				CLANG_WARN_NON_LITERAL_NULL_CONVERSION = YES;
				CLANG_WARN_OBJC_IMPLICIT_RETAIN_SELF = YES;
				CLANG_WARN_OBJC_LITERAL_CONVERSION = YES;
				CLANG_WARN_OBJC_ROOT_CLASS = YES_ERROR;
				CLANG_WARN_QUOTED_INCLUDE_IN_FRAMEWORK_HEADER = YES;
				CLANG_WARN_RANGE_LOOP_ANALYSIS = YES;
				CLANG_WARN_STRICT_PROTOTYPES = YES;
				CLANG_WARN_SUSPICIOUS_MOVE = YES;
				CLANG_WARN_UNGUARDED_AVAILABILITY = YES_AGGRESSIVE;
				CLANG_WARN_UNREACHABLE_CODE = YES;
				CLANG_WARN__DUPLICATE_METHOD_MATCH = YES;
				COPY_PHASE_STRIP = NO;
				DEBUG_INFORMATION_FORMAT = "dwarf-with-dsym";
				ENABLE_NS_ASSERTIONS = NO;
				ENABLE_STRICT_OBJC_MSGSEND = YES;
				GCC_C_LANGUAGE_STANDARD = gnu11;
				GCC_NO_COMMON_BLOCKS = YES;
				GCC_WARN_64_TO_32_BIT_CONVERSION = YES;
				GCC_WARN_ABOUT_RETURN_TYPE = YES_ERROR;
				GCC_WARN_UNDECLARED_SELECTOR = YES;
				GCC_WARN_UNINITIALIZED_AUTOS = YES_AGGRESSIVE;
				GCC_WARN_UNUSED_FUNCTION = YES;
				GCC_WARN_UNUSED_VARIABLE = YES;
				IPHONEOS_DEPLOYMENT_TARGET = 15.0;
				MTL_ENABLE_DEBUG_INFO = NO;
				MTL_FAST_MATH = YES;
				SDKROOT = iphoneos;
				SWIFT_COMPILATION_MODE = wholemodule;
				SWIFT_OPTIMIZATION_LEVEL = "-O";
				VALIDATE_PRODUCT = YES;
			};
			name = Release;
		};
		DDB7E459275B84BC0096D70A /* Debug */ = {
			isa = XCBuildConfiguration;
			buildSettings = {
				ASSETCATALOG_COMPILER_APPICON_NAME = AppIcon;
				ASSETCATALOG_COMPILER_GLOBAL_ACCENT_COLOR_NAME = AccentColor;
				CODE_SIGN_STYLE = Automatic;
				CURRENT_PROJECT_VERSION = 1;
				DEVELOPMENT_ASSET_PATHS = "\"adventofcode/Preview Content\"";
				ENABLE_PREVIEWS = YES;
				GENERATE_INFOPLIST_FILE = YES;
				INFOPLIST_KEY_UIApplicationSceneManifest_Generation = YES;
				INFOPLIST_KEY_UIApplicationSupportsIndirectInputEvents = YES;
				INFOPLIST_KEY_UILaunchScreen_Generation = YES;
				INFOPLIST_KEY_UISupportedInterfaceOrientations_iPad = "UIInterfaceOrientationPortrait UIInterfaceOrientationPortraitUpsideDown UIInterfaceOrientationLandscapeLeft UIInterfaceOrientationLandscapeRight";
				INFOPLIST_KEY_UISupportedInterfaceOrientations_iPhone = "UIInterfaceOrientationPortrait UIInterfaceOrientationLandscapeLeft UIInterfaceOrientationLandscapeRight";
				IPHONEOS_DEPLOYMENT_TARGET = 14.0;
				LD_RUNPATH_SEARCH_PATHS = (
					"$(inherited)",
					"@executable_path/Frameworks",
				);
				MARKETING_VERSION = 1.0;
				PRODUCT_BUNDLE_IDENTIFIER = com.davidalbertoadler.adventofcode;
				PRODUCT_NAME = "$(TARGET_NAME)";
				SWIFT_EMIT_LOC_STRINGS = YES;
				SWIFT_VERSION = 5.0;
				TARGETED_DEVICE_FAMILY = "1,2";
			};
			name = Debug;
		};
		DDB7E45A275B84BC0096D70A /* Release */ = {
			isa = XCBuildConfiguration;
			buildSettings = {
				ASSETCATALOG_COMPILER_APPICON_NAME = AppIcon;
				ASSETCATALOG_COMPILER_GLOBAL_ACCENT_COLOR_NAME = AccentColor;
				CODE_SIGN_STYLE = Automatic;
				CURRENT_PROJECT_VERSION = 1;
				DEVELOPMENT_ASSET_PATHS = "\"adventofcode/Preview Content\"";
				ENABLE_PREVIEWS = YES;
				GENERATE_INFOPLIST_FILE = YES;
				INFOPLIST_KEY_UIApplicationSceneManifest_Generation = YES;
				INFOPLIST_KEY_UIApplicationSupportsIndirectInputEvents = YES;
				INFOPLIST_KEY_UILaunchScreen_Generation = YES;
				INFOPLIST_KEY_UISupportedInterfaceOrientations_iPad = "UIInterfaceOrientationPortrait UIInterfaceOrientationPortraitUpsideDown UIInterfaceOrientationLandscapeLeft UIInterfaceOrientationLandscapeRight";
				INFOPLIST_KEY_UISupportedInterfaceOrientations_iPhone = "UIInterfaceOrientationPortrait UIInterfaceOrientationLandscapeLeft UIInterfaceOrientationLandscapeRight";
				IPHONEOS_DEPLOYMENT_TARGET = 14.0;
				LD_RUNPATH_SEARCH_PATHS = (
					"$(inherited)",
					"@executable_path/Frameworks",
				);
				MARKETING_VERSION = 1.0;
				PRODUCT_BUNDLE_IDENTIFIER = com.davidalbertoadler.adventofcode;
				PRODUCT_NAME = "$(TARGET_NAME)";
				SWIFT_EMIT_LOC_STRINGS = YES;
				SWIFT_VERSION = 5.0;
				TARGETED_DEVICE_FAMILY = "1,2";
			};
			name = Release;
		};
		DDB7E45C275B84BC0096D70A /* Debug */ = {
			isa = XCBuildConfiguration;
			buildSettings = {
				ALWAYS_EMBED_SWIFT_STANDARD_LIBRARIES = YES;
				BUNDLE_LOADER = "$(TEST_HOST)";
				CODE_SIGN_STYLE = Automatic;
				CURRENT_PROJECT_VERSION = 1;
				GENERATE_INFOPLIST_FILE = YES;
				IPHONEOS_DEPLOYMENT_TARGET = 14.0;
				LD_RUNPATH_SEARCH_PATHS = (
					"$(inherited)",
					"@executable_path/Frameworks",
					"@loader_path/Frameworks",
				);
				MARKETING_VERSION = 1.0;
				PRODUCT_BUNDLE_IDENTIFIER = com.davidalbertoadler.adventofcodeTests;
				PRODUCT_NAME = "$(TARGET_NAME)";
				SWIFT_EMIT_LOC_STRINGS = NO;
				SWIFT_VERSION = 5.0;
				TARGETED_DEVICE_FAMILY = "1,2";
				TEST_HOST = "$(BUILT_PRODUCTS_DIR)/adventofcode.app/adventofcode";
			};
			name = Debug;
		};
		DDB7E45D275B84BC0096D70A /* Release */ = {
			isa = XCBuildConfiguration;
			buildSettings = {
				ALWAYS_EMBED_SWIFT_STANDARD_LIBRARIES = YES;
				BUNDLE_LOADER = "$(TEST_HOST)";
				CODE_SIGN_STYLE = Automatic;
				CURRENT_PROJECT_VERSION = 1;
				GENERATE_INFOPLIST_FILE = YES;
				IPHONEOS_DEPLOYMENT_TARGET = 14.0;
				LD_RUNPATH_SEARCH_PATHS = (
					"$(inherited)",
					"@executable_path/Frameworks",
					"@loader_path/Frameworks",
				);
				MARKETING_VERSION = 1.0;
				PRODUCT_BUNDLE_IDENTIFIER = com.davidalbertoadler.adventofcodeTests;
				PRODUCT_NAME = "$(TARGET_NAME)";
				SWIFT_EMIT_LOC_STRINGS = NO;
				SWIFT_VERSION = 5.0;
				TARGETED_DEVICE_FAMILY = "1,2";
				TEST_HOST = "$(BUILT_PRODUCTS_DIR)/adventofcode.app/adventofcode";
			};
			name = Release;
		};
		DDB7E45F275B84BC0096D70A /* Debug */ = {
			isa = XCBuildConfiguration;
			buildSettings = {
				ALWAYS_EMBED_SWIFT_STANDARD_LIBRARIES = YES;
				CODE_SIGN_STYLE = Automatic;
				CURRENT_PROJECT_VERSION = 1;
				GENERATE_INFOPLIST_FILE = YES;
				LD_RUNPATH_SEARCH_PATHS = (
					"$(inherited)",
					"@executable_path/Frameworks",
					"@loader_path/Frameworks",
				);
				MARKETING_VERSION = 1.0;
				PRODUCT_BUNDLE_IDENTIFIER = com.davidalbertoadler.adventofcodeUITests;
				PRODUCT_NAME = "$(TARGET_NAME)";
				SWIFT_EMIT_LOC_STRINGS = NO;
				SWIFT_VERSION = 5.0;
				TARGETED_DEVICE_FAMILY = "1,2";
				TEST_TARGET_NAME = adventofcode;
			};
			name = Debug;
		};
		DDB7E460275B84BC0096D70A /* Release */ = {
			isa = XCBuildConfiguration;
			buildSettings = {
				ALWAYS_EMBED_SWIFT_STANDARD_LIBRARIES = YES;
				CODE_SIGN_STYLE = Automatic;
				CURRENT_PROJECT_VERSION = 1;
				GENERATE_INFOPLIST_FILE = YES;
				LD_RUNPATH_SEARCH_PATHS = (
					"$(inherited)",
					"@executable_path/Frameworks",
					"@loader_path/Frameworks",
				);
				MARKETING_VERSION = 1.0;
				PRODUCT_BUNDLE_IDENTIFIER = com.davidalbertoadler.adventofcodeUITests;
				PRODUCT_NAME = "$(TARGET_NAME)";
				SWIFT_EMIT_LOC_STRINGS = NO;
				SWIFT_VERSION = 5.0;
				TARGETED_DEVICE_FAMILY = "1,2";
				TEST_TARGET_NAME = adventofcode;
			};
			name = Release;
		};
/* End XCBuildConfiguration section */

/* Begin XCConfigurationList section */
		DDB7E42F275B84BB0096D70A /* Build configuration list for PBXProject "adventofcode" */ = {
			isa = XCConfigurationList;
			buildConfigurations = (
				DDB7E456275B84BC0096D70A /* Debug */,
				DDB7E457275B84BC0096D70A /* Release */,
			);
			defaultConfigurationIsVisible = 0;
			defaultConfigurationName = Release;
		};
		DDB7E458275B84BC0096D70A /* Build configuration list for PBXNativeTarget "adventofcode" */ = {
			isa = XCConfigurationList;
			buildConfigurations = (
				DDB7E459275B84BC0096D70A /* Debug */,
				DDB7E45A275B84BC0096D70A /* Release */,
			);
			defaultConfigurationIsVisible = 0;
			defaultConfigurationName = Release;
		};
		DDB7E45B275B84BC0096D70A /* Build configuration list for PBXNativeTarget "adventofcodeTests" */ = {
			isa = XCConfigurationList;
			buildConfigurations = (
				DDB7E45C275B84BC0096D70A /* Debug */,
				DDB7E45D275B84BC0096D70A /* Release */,
			);
			defaultConfigurationIsVisible = 0;
			defaultConfigurationName = Release;
		};
		DDB7E45E275B84BC0096D70A /* Build configuration list for PBXNativeTarget "adventofcodeUITests" */ = {
			isa = XCConfigurationList;
			buildConfigurations = (
				DDB7E45F275B84BC0096D70A /* Debug */,
				DDB7E460275B84BC0096D70A /* Release */,
			);
			defaultConfigurationIsVisible = 0;
			defaultConfigurationName = Release;
		};
/* End XCConfigurationList section */
	};
	rootObject = DDB7E42C275B84BB0096D70A /* Project object */;
}
